
Microsoft Visual Studio Solution File, Format Version 12.00
# Visual Studio 15
VisualStudioVersion = 15.0.26124.0
MinimumVisualStudioVersion = 15.0.26124.0
Project("{2150E333-8FDC-42A3-9474-1A3956D46DE8}") = "src", "src", "{3563B20B-7F66-456D-AD1B-7DF082C442F5}"
EndProject
Project("{FAE04EC0-301F-11D3-BF4B-00C04F79EFBC}") = "TestCraft.Core", "src\TestCraft.Core\TestCraft.Core.csproj", "{3BEF49BA-5471-4052-96B1-2E7D580D3B11}"
EndProject
Project("{FAE04EC0-301F-11D3-BF4B-00C04F79EFBC}") = "TestCraft.AI", "src\TestCraft.AI\TestCraft.AI.csproj", "{6C40D8A5-F8E9-4B96-9A28-784D6232CE03}"
EndProject
Project("{FAE04EC0-301F-11D3-BF4B-00C04F79EFBC}") = "TestCraft.Execution", "src\TestCraft.Execution\TestCraft.Execution.csproj", "{0E9BEBFD-6F95-4BE8-B0DD-90271FFA1AC2}"
EndProject
Project("{FAE04EC0-301F-11D3-BF4B-00C04F79EFBC}") = "TestCraft.Analysis", "src\TestCraft.Analysis\TestCraft.Analysis.csproj", "{B42223BD-A540-4A53-BBAC-3E4763B2C8BB}"
EndProject
Project("{FAE04EC0-301F-11D3-BF4B-00C04F79EFBC}") = "TestCraft.Integration", "src\TestCraft.Integration\TestCraft.Integration.csproj", "{57E39EB6-A82A-41F4-913E-EF09274B3D1C}"
EndProject
Project("{FAE04EC0-301F-11D3-BF4B-00C04F79EFBC}") = "TestCraft.CLI", "src\TestCraft.CLI\TestCraft.CLI.csproj", "{216F53B6-B496-4A8E-89A9-AA14CEC633E2}"
EndProject
Project("{2150E333-8FDC-42A3-9474-1A3956D46DE8}") = "tests", "tests", "{F91BBBD5-C900-49BF-97E4-309B7A92BF31}"
EndProject
Project("{FAE04EC0-301F-11D3-BF4B-00C04F79EFBC}") = "TestCraft.Core.Tests", "tests\TestCraft.Core.Tests\TestCraft.Core.Tests.csproj", "{8DBA07E5-86B0-4A1A-A13D-99645B3DCCDB}"
EndProject
Project("{FAE04EC0-301F-11D3-BF4B-00C04F79EFBC}") = "TestCraft.AI.Tests", "tests\TestCraft.AI.Tests\TestCraft.AI.Tests.csproj", "{D616D65C-7928-428C-8A29-149FFC6F9F58}"
EndProject
Project("{FAE04EC0-301F-11D3-BF4B-00C04F79EFBC}") = "TestCraft.Integration.Tests", "tests\TestCraft.Integration.Tests\TestCraft.Integration.Tests.csproj", "{628E740F-DF27-483A-91A7-629FA2D168AC}"
EndProject
Project("{2150E333-8FDC-42A3-9474-1A3956D46DE8}") = "samples", "samples", "{E968E7FE-2023-4AC7-B063-F0A6F47A3687}"
EndProject
Project("{FAE04EC0-301F-11D3-BF4B-00C04F79EFBC}") = "SampleApplication", "samples\SampleApplication\SampleApplication.csproj", "{ECE1F5C1-73E8-4500-8ED8-C43CDDC78372}"
EndProject
Global
	GlobalSection(SolutionConfigurationPlatforms) = preSolution
		Debug|Any CPU = Debug|Any CPU
		Debug|x64 = Debug|x64
		Debug|x86 = Debug|x86
		Release|Any CPU = Release|Any CPU
		Release|x64 = Release|x64
		Release|x86 = Release|x86
	EndGlobalSection
	GlobalSection(SolutionProperties) = preSolution
		HideSolutionNode = FALSE
	EndGlobalSection
	GlobalSection(ProjectConfigurationPlatforms) = postSolution
		{3BEF49BA-5471-4052-96B1-2E7D580D3B11}.Debug|Any CPU.ActiveCfg = Debug|Any CPU
		{3BEF49BA-5471-4052-96B1-2E7D580D3B11}.Debug|Any CPU.Build.0 = Debug|Any CPU
		{3BEF49BA-5471-4052-96B1-2E7D580D3B11}.Debug|x64.ActiveCfg = Debug|Any CPU
		{3BEF49BA-5471-4052-96B1-2E7D580D3B11}.Debug|x64.Build.0 = Debug|Any CPU
		{3BEF49BA-5471-4052-96B1-2E7D580D3B11}.Debug|x86.ActiveCfg = Debug|Any CPU
		{3BEF49BA-5471-4052-96B1-2E7D580D3B11}.Debug|x86.Build.0 = Debug|Any CPU
		{3BEF49BA-5471-4052-96B1-2E7D580D3B11}.Release|Any CPU.ActiveCfg = Release|Any CPU
		{3BEF49BA-5471-4052-96B1-2E7D580D3B11}.Release|Any CPU.Build.0 = Release|Any CPU
		{3BEF49BA-5471-4052-96B1-2E7D580D3B11}.Release|x64.ActiveCfg = Release|Any CPU
		{3BEF49BA-5471-4052-96B1-2E7D580D3B11}.Release|x64.Build.0 = Release|Any CPU
		{3BEF49BA-5471-4052-96B1-2E7D580D3B11}.Release|x86.ActiveCfg = Release|Any CPU
		{3BEF49BA-5471-4052-96B1-2E7D580D3B11}.Release|x86.Build.0 = Release|Any CPU
		{6C40D8A5-F8E9-4B96-9A28-784D6232CE03}.Debug|Any CPU.ActiveCfg = Debug|Any CPU
		{6C40D8A5-F8E9-4B96-9A28-784D6232CE03}.Debug|Any CPU.Build.0 = Debug|Any CPU
		{6C40D8A5-F8E9-4B96-9A28-784D6232CE03}.Debug|x64.ActiveCfg = Debug|Any CPU
		{6C40D8A5-F8E9-4B96-9A28-784D6232CE03}.Debug|x64.Build.0 = Debug|Any CPU
		{6C40D8A5-F8E9-4B96-9A28-784D6232CE03}.Debug|x86.ActiveCfg = Debug|Any CPU
		{6C40D8A5-F8E9-4B96-9A28-784D6232CE03}.Debug|x86.Build.0 = Debug|Any CPU
		{6C40D8A5-F8E9-4B96-9A28-784D6232CE03}.Release|Any CPU.ActiveCfg = Release|Any CPU
		{6C40D8A5-F8E9-4B96-9A28-784D6232CE03}.Release|Any CPU.Build.0 = Release|Any CPU
		{6C40D8A5-F8E9-4B96-9A28-784D6232CE03}.Release|x64.ActiveCfg = Release|Any CPU
		{6C40D8A5-F8E9-4B96-9A28-784D6232CE03}.Release|x64.Build.0 = Release|Any CPU
		{6C40D8A5-F8E9-4B96-9A28-784D6232CE03}.Release|x86.ActiveCfg = Release|Any CPU
		{6C40D8A5-F8E9-4B96-9A28-784D6232CE03}.Release|x86.Build.0 = Release|Any CPU
		{0E9BEBFD-6F95-4BE8-B0DD-90271FFA1AC2}.Debug|Any CPU.ActiveCfg = Debug|Any CPU
		{0E9BEBFD-6F95-4BE8-B0DD-90271FFA1AC2}.Debug|Any CPU.Build.0 = Debug|Any CPU
		{0E9BEBFD-6F95-4BE8-B0DD-90271FFA1AC2}.Debug|x64.ActiveCfg = Debug|Any CPU
		{0E9BEBFD-6F95-4BE8-B0DD-90271FFA1AC2}.Debug|x64.Build.0 = Debug|Any CPU
		{0E9BEBFD-6F95-4BE8-B0DD-90271FFA1AC2}.Debug|x86.ActiveCfg = Debug|Any CPU
		{0E9BEBFD-6F95-4BE8-B0DD-90271FFA1AC2}.Debug|x86.Build.0 = Debug|Any CPU
		{0E9BEBFD-6F95-4BE8-B0DD-90271FFA1AC2}.Release|Any CPU.ActiveCfg = Release|Any CPU
		{0E9BEBFD-6F95-4BE8-B0DD-90271FFA1AC2}.Release|Any CPU.Build.0 = Release|Any CPU
		{0E9BEBFD-6F95-4BE8-B0DD-90271FFA1AC2}.Release|x64.ActiveCfg = Release|Any CPU
		{0E9BEBFD-6F95-4BE8-B0DD-90271FFA1AC2}.Release|x64.Build.0 = Release|Any CPU
		{0E9BEBFD-6F95-4BE8-B0DD-90271FFA1AC2}.Release|x86.ActiveCfg = Release|Any CPU
		{0E9BEBFD-6F95-4BE8-B0DD-90271FFA1AC2}.Release|x86.Build.0 = Release|Any CPU
		{B42223BD-A540-4A53-BBAC-3E4763B2C8BB}.Debug|Any CPU.ActiveCfg = Debug|Any CPU
		{B42223BD-A540-4A53-BBAC-3E4763B2C8BB}.Debug|Any CPU.Build.0 = Debug|Any CPU
		{B42223BD-A540-4A53-BBAC-3E4763B2C8BB}.Debug|x64.ActiveCfg = Debug|Any CPU
		{B42223BD-A540-4A53-BBAC-3E4763B2C8BB}.Debug|x64.Build.0 = Debug|Any CPU
		{B42223BD-A540-4A53-BBAC-3E4763B2C8BB}.Debug|x86.ActiveCfg = Debug|Any CPU
		{B42223BD-A540-4A53-BBAC-3E4763B2C8BB}.Debug|x86.Build.0 = Debug|Any CPU
		{B42223BD-A540-4A53-BBAC-3E4763B2C8BB}.Release|Any CPU.ActiveCfg = Release|Any CPU
		{B42223BD-A540-4A53-BBAC-3E4763B2C8BB}.Release|Any CPU.Build.0 = Release|Any CPU
		{B42223BD-A540-4A53-BBAC-3E4763B2C8BB}.Release|x64.ActiveCfg = Release|Any CPU
		{B42223BD-A540-4A53-BBAC-3E4763B2C8BB}.Release|x64.Build.0 = Release|Any CPU
		{B42223BD-A540-4A53-BBAC-3E4763B2C8BB}.Release|x86.ActiveCfg = Release|Any CPU
		{B42223BD-A540-4A53-BBAC-3E4763B2C8BB}.Release|x86.Build.0 = Release|Any CPU
		{57E39EB6-A82A-41F4-913E-EF09274B3D1C}.Debug|Any CPU.ActiveCfg = Debug|Any CPU
		{57E39EB6-A82A-41F4-913E-EF09274B3D1C}.Debug|Any CPU.Build.0 = Debug|Any CPU
		{57E39EB6-A82A-41F4-913E-EF09274B3D1C}.Debug|x64.ActiveCfg = Debug|Any CPU
		{57E39EB6-A82A-41F4-913E-EF09274B3D1C}.Debug|x64.Build.0 = Debug|Any CPU
		{57E39EB6-A82A-41F4-913E-EF09274B3D1C}.Debug|x86.ActiveCfg = Debug|Any CPU
		{57E39EB6-A82A-41F4-913E-EF09274B3D1C}.Debug|x86.Build.0 = Debug|Any CPU
		{57E39EB6-A82A-41F4-913E-EF09274B3D1C}.Release|Any CPU.ActiveCfg = Release|Any CPU
		{57E39EB6-A82A-41F4-913E-EF09274B3D1C}.Release|Any CPU.Build.0 = Release|Any CPU
		{57E39EB6-A82A-41F4-913E-EF09274B3D1C}.Release|x64.ActiveCfg = Release|Any CPU
		{57E39EB6-A82A-41F4-913E-EF09274B3D1C}.Release|x64.Build.0 = Release|Any CPU
		{57E39EB6-A82A-41F4-913E-EF09274B3D1C}.Release|x86.ActiveCfg = Release|Any CPU
		{57E39EB6-A82A-41F4-913E-EF09274B3D1C}.Release|x86.Build.0 = Release|Any CPU
		{216F53B6-B496-4A8E-89A9-AA14CEC633E2}.Debug|Any CPU.ActiveCfg = Debug|Any CPU
		{216F53B6-B496-4A8E-89A9-AA14CEC633E2}.Debug|Any CPU.Build.0 = Debug|Any CPU
		{216F53B6-B496-4A8E-89A9-AA14CEC633E2}.Debug|x64.ActiveCfg = Debug|Any CPU
		{216F53B6-B496-4A8E-89A9-AA14CEC633E2}.Debug|x64.Build.0 = Debug|Any CPU
		{216F53B6-B496-4A8E-89A9-AA14CEC633E2}.Debug|x86.ActiveCfg = Debug|Any CPU
		{216F53B6-B496-4A8E-89A9-AA14CEC633E2}.Debug|x86.Build.0 = Debug|Any CPU
		{216F53B6-B496-4A8E-89A9-AA14CEC633E2}.Release|Any CPU.ActiveCfg = Release|Any CPU
		{216F53B6-B496-4A8E-89A9-AA14CEC633E2}.Release|Any CPU.Build.0 = Release|Any CPU
		{216F53B6-B496-4A8E-89A9-AA14CEC633E2}.Release|x64.ActiveCfg = Release|Any CPU
		{216F53B6-B496-4A8E-89A9-AA14CEC633E2}.Release|x64.Build.0 = Release|Any CPU
		{216F53B6-B496-4A8E-89A9-AA14CEC633E2}.Release|x86.ActiveCfg = Release|Any CPU
		{216F53B6-B496-4A8E-89A9-AA14CEC633E2}.Release|x86.Build.0 = Release|Any CPU
		{8DBA07E5-86B0-4A1A-A13D-99645B3DCCDB}.Debug|Any CPU.ActiveCfg = Debug|Any CPU
		{8DBA07E5-86B0-4A1A-A13D-99645B3DCCDB}.Debug|Any CPU.Build.0 = Debug|Any CPU
		{8DBA07E5-86B0-4A1A-A13D-99645B3DCCDB}.Debug|x64.ActiveCfg = Debug|Any CPU
		{8DBA07E5-86B0-4A1A-A13D-99645B3DCCDB}.Debug|x64.Build.0 = Debug|Any CPU
		{8DBA07E5-86B0-4A1A-A13D-99645B3DCCDB}.Debug|x86.ActiveCfg = Debug|Any CPU
		{8DBA07E5-86B0-4A1A-A13D-99645B3DCCDB}.Debug|x86.Build.0 = Debug|Any CPU
		{8DBA07E5-86B0-4A1A-A13D-99645B3DCCDB}.Release|Any CPU.ActiveCfg = Release|Any CPU
		{8DBA07E5-86B0-4A1A-A13D-99645B3DCCDB}.Release|Any CPU.Build.0 = Release|Any CPU
		{8DBA07E5-86B0-4A1A-A13D-99645B3DCCDB}.Release|x64.ActiveCfg = Release|Any CPU
		{8DBA07E5-86B0-4A1A-A13D-99645B3DCCDB}.Release|x64.Build.0 = Release|Any CPU
		{8DBA07E5-86B0-4A1A-A13D-99645B3DCCDB}.Release|x86.ActiveCfg = Release|Any CPU
		{8DBA07E5-86B0-4A1A-A13D-99645B3DCCDB}.Release|x86.Build.0 = Release|Any CPU
		{D616D65C-7928-428C-8A29-149FFC6F9F58}.Debug|Any CPU.ActiveCfg = Debug|Any CPU
		{D616D65C-7928-428C-8A29-149FFC6F9F58}.Debug|Any CPU.Build.0 = Debug|Any CPU
		{D616D65C-7928-428C-8A29-149FFC6F9F58}.Debug|x64.ActiveCfg = Debug|Any CPU
		{D616D65C-7928-428C-8A29-149FFC6F9F58}.Debug|x64.Build.0 = Debug|Any CPU
		{D616D65C-7928-428C-8A29-149FFC6F9F58}.Debug|x86.ActiveCfg = Debug|Any CPU
		{D616D65C-7928-428C-8A29-149FFC6F9F58}.Debug|x86.Build.0 = Debug|Any CPU
		{D616D65C-7928-428C-8A29-149FFC6F9F58}.Release|Any CPU.ActiveCfg = Release|Any CPU
		{D616D65C-7928-428C-8A29-149FFC6F9F58}.Release|Any CPU.Build.0 = Release|Any CPU
		{D616D65C-7928-428C-8A29-149FFC6F9F58}.Release|x64.ActiveCfg = Release|Any CPU
		{D616D65C-7928-428C-8A29-149FFC6F9F58}.Release|x64.Build.0 = Release|Any CPU
		{D616D65C-7928-428C-8A29-149FFC6F9F58}.Release|x86.ActiveCfg = Release|Any CPU
		{D616D65C-7928-428C-8A29-149FFC6F9F58}.Release|x86.Build.0 = Release|Any CPU
		{628E740F-DF27-483A-91A7-629FA2D168AC}.Debug|Any CPU.ActiveCfg = Debug|Any CPU
		{628E740F-DF27-483A-91A7-629FA2D168AC}.Debug|Any CPU.Build.0 = Debug|Any CPU
		{628E740F-DF27-483A-91A7-629FA2D168AC}.Debug|x64.ActiveCfg = Debug|Any CPU
		{628E740F-DF27-483A-91A7-629FA2D168AC}.Debug|x64.Build.0 = Debug|Any CPU
		{628E740F-DF27-483A-91A7-629FA2D168AC}.Debug|x86.ActiveCfg = Debug|Any CPU
		{628E740F-DF27-483A-91A7-629FA2D168AC}.Debug|x86.Build.0 = Debug|Any CPU
		{628E740F-DF27-483A-91A7-629FA2D168AC}.Release|Any CPU.ActiveCfg = Release|Any CPU
		{628E740F-DF27-483A-91A7-629FA2D168AC}.Release|Any CPU.Build.0 = Release|Any CPU
		{628E740F-DF27-483A-91A7-629FA2D168AC}.Release|x64.ActiveCfg = Release|Any CPU
		{628E740F-DF27-483A-91A7-629FA2D168AC}.Release|x64.Build.0 = Release|Any CPU
		{628E740F-DF27-483A-91A7-629FA2D168AC}.Release|x86.ActiveCfg = Release|Any CPU
		{628E740F-DF27-483A-91A7-629FA2D168AC}.Release|x86.Build.0 = Release|Any CPU
		{ECE1F5C1-73E8-4500-8ED8-C43CDDC78372}.Debug|Any CPU.ActiveCfg = Debug|Any CPU
		{ECE1F5C1-73E8-4500-8ED8-C43CDDC78372}.Debug|Any CPU.Build.0 = Debug|Any CPU
		{ECE1F5C1-73E8-4500-8ED8-C43CDDC78372}.Debug|x64.ActiveCfg = Debug|Any CPU
		{ECE1F5C1-73E8-4500-8ED8-C43CDDC78372}.Debug|x64.Build.0 = Debug|Any CPU
		{ECE1F5C1-73E8-4500-8ED8-C43CDDC78372}.Debug|x86.ActiveCfg = Debug|Any CPU
		{ECE1F5C1-73E8-4500-8ED8-C43CDDC78372}.Debug|x86.Build.0 = Debug|Any CPU
		{ECE1F5C1-73E8-4500-8ED8-C43CDDC78372}.Release|Any CPU.ActiveCfg = Release|Any CPU
		{ECE1F5C1-73E8-4500-8ED8-C43CDDC78372}.Release|Any CPU.Build.0 = Release|Any CPU
		{ECE1F5C1-73E8-4500-8ED8-C43CDDC78372}.Release|x64.ActiveCfg = Release|Any CPU
		{ECE1F5C1-73E8-4500-8ED8-C43CDDC78372}.Release|x64.Build.0 = Release|Any CPU
		{ECE1F5C1-73E8-4500-8ED8-C43CDDC78372}.Release|x86.ActiveCfg = Release|Any CPU
		{ECE1F5C1-73E8-4500-8ED8-C43CDDC78372}.Release|x86.Build.0 = Release|Any CPU
	EndGlobalSection
	GlobalSection(NestedProjects) = preSolution
		{3BEF49BA-5471-4052-96B1-2E7D580D3B11} = {3563B20B-7F66-456D-AD1B-7DF082C442F5}
		{6C40D8A5-F8E9-4B96-9A28-784D6232CE03} = {3563B20B-7F66-456D-AD1B-7DF082C442F5}
		{0E9BEBFD-6F95-4BE8-B0DD-90271FFA1AC2} = {3563B20B-7F66-456D-AD1B-7DF082C442F5}
		{B42223BD-A540-4A53-BBAC-3E4763B2C8BB} = {3563B20B-7F66-456D-AD1B-7DF082C442F5}
		{57E39EB6-A82A-41F4-913E-EF09274B3D1C} = {3563B20B-7F66-456D-AD1B-7DF082C442F5}
		{216F53B6-B496-4A8E-89A9-AA14CEC633E2} = {3563B20B-7F66-456D-AD1B-7DF082C442F5}
		{8DBA07E5-86B0-4A1A-A13D-99645B3DCCDB} = {F91BBBD5-C900-49BF-97E4-309B7A92BF31}
		{D616D65C-7928-428C-8A29-149FFC6F9F58} = {F91BBBD5-C900-49BF-97E4-309B7A92BF31}
		{628E740F-DF27-483A-91A7-629FA2D168AC} = {F91BBBD5-C900-49BF-97E4-309B7A92BF31}
		{ECE1F5C1-73E8-4500-8ED8-C43CDDC78372} = {E968E7FE-2023-4AC7-B063-F0A6F47A3687}
	EndGlobalSection
EndGlobal
